
Microsoft Visual Studio Solution File, Format Version 12.00
# Visual Studio Version 17
VisualStudioVersion = 17.8.34408.163
MinimumVisualStudioVersion = 10.0.40219.1
Project("{2150E333-8FDC-42A3-9474-1A3956D46DE8}") = "src", "src", "{AD5A65EF-DA38-440C-93F9-0C6EDD815E40}"
EndProject
Project("{2150E333-8FDC-42A3-9474-1A3956D46DE8}") = "MAUI", "MAUI", "{982C3B96-5F2D-48C5-B972-077FA7ED096F}"
EndProject
Project("{9A19103F-16F7-4668-BE54-9A1E7A4F7556}") = "MFToolkit.Maui", "src\MAUI\MFToolkit.Maui\MFToolkit.Maui.csproj", "{20FFF47C-BFAC-4DCB-8E0B-5D5BDCCCA464}"
EndProject
Project("{9A19103F-16F7-4668-BE54-9A1E7A4F7556}") = "MFToolkit.Maui.Material", "src\MAUI\MFToolkit.Maui.Material\MFToolkit.Maui.Material.csproj", "{39FE0122-9E12-4619-AAF6-F4739C0A7DB8}"
EndProject
Project("{2150E333-8FDC-42A3-9474-1A3956D46DE8}") = "Common", "Common", "{6D9C2431-9343-4C19-AF67-F98B7BE147DE}"
EndProject
Project("{9A19103F-16F7-4668-BE54-9A1E7A4F7556}") = "MFToolkit", "src\Common\MFToolkit\MFToolkit.csproj", "{64040999-8611-412D-A9C6-F89D3EDBC83F}"
EndProject
Project("{2150E333-8FDC-42A3-9474-1A3956D46DE8}") = "AvaloniaUI", "AvaloniaUI", "{062531D0-AEC9-49B3-9268-D27738D36685}"
EndProject
Project("{9A19103F-16F7-4668-BE54-9A1E7A4F7556}") = "MFToolkit.Avaloniaui", "src\AvaloniaUI\MFToolkit.Avaloniaui\MFToolkit.Avaloniaui.csproj", "{2B7DD892-E515-4938-BCDD-A035E6C1B99D}"
EndProject
Project("{9A19103F-16F7-4668-BE54-9A1E7A4F7556}") = "MFToolkit.Avaloniaui.Material", "src\AvaloniaUI\MFToolkit.Avaloniaui.Material\MFToolkit.Avaloniaui.Material.csproj", "{41C3B30D-D475-44EC-8CA2-4D52A5685FEE}"
EndProject
Project("{2150E333-8FDC-42A3-9474-1A3956D46DE8}") = "WeChat", "WeChat", "{15C20EF6-BB79-43DC-9817-B31E7DE743D5}"
EndProject
Project("{2150E333-8FDC-42A3-9474-1A3956D46DE8}") = "Integration", "Integration", "{871DDEC1-44A0-448E-BD7F-3394C6D4CC81}"
EndProject
Project("{9A19103F-16F7-4668-BE54-9A1E7A4F7556}") = "MFToolkit.AspNetCore", "src\Common\MFToolkit.AspNetCore\MFToolkit.AspNetCore.csproj", "{DA54901F-0B82-48B5-A784-4024D6DD3FB4}"
EndProject
Project("{9A19103F-16F7-4668-BE54-9A1E7A4F7556}") = "MFToolkit.WeChat", "src\Applet\WeChat\MFToolkit.WeChat\MFToolkit.WeChat.csproj", "{24436442-396B-4D54-8F8B-3674977E2343}"
EndProject
Project("{9A19103F-16F7-4668-BE54-9A1E7A4F7556}") = "MFToolkit.Integration.Applet", "src\Applet\Integration\MFToolkit.Integration.Applet\MFToolkit.Integration.Applet.csproj", "{638B3504-CD42-4675-90C4-C980B217625D}"
EndProject
Project("{2150E333-8FDC-42A3-9474-1A3956D46DE8}") = "Platform", "Platform", "{7BBB289A-8F63-4B68-88E8-DB1707C1AE34}"
EndProject
Project("{9A19103F-16F7-4668-BE54-9A1E7A4F7556}") = "MFToolkit.Avaloniaui.Android", "src\AvaloniaUI\Platform\MFToolkit.Avaloniaui.Android\MFToolkit.Avaloniaui.Android.csproj", "{19F049BD-BA7F-4FE9-8A4F-72290E6C3F33}"
EndProject
Project("{9A19103F-16F7-4668-BE54-9A1E7A4F7556}") = "MFToolkit.Avaloniaui.Ios", "src\AvaloniaUI\Platform\MFToolkit.Avaloniaui.Ios\MFToolkit.Avaloniaui.Ios.csproj", "{7407E2EE-1AB7-4708-AB03-A881F885D2F2}"
EndProject
Global
	GlobalSection(SolutionConfigurationPlatforms) = preSolution
		Debug|Any CPU = Debug|Any CPU
		Release|Any CPU = Release|Any CPU
	EndGlobalSection
	GlobalSection(ProjectConfigurationPlatforms) = postSolution
		{20FFF47C-BFAC-4DCB-8E0B-5D5BDCCCA464}.Debug|Any CPU.ActiveCfg = Debug|Any CPU
		{20FFF47C-BFAC-4DCB-8E0B-5D5BDCCCA464}.Debug|Any CPU.Build.0 = Debug|Any CPU
		{20FFF47C-BFAC-4DCB-8E0B-5D5BDCCCA464}.Release|Any CPU.ActiveCfg = Release|Any CPU
		{20FFF47C-BFAC-4DCB-8E0B-5D5BDCCCA464}.Release|Any CPU.Build.0 = Release|Any CPU
		{39FE0122-9E12-4619-AAF6-F4739C0A7DB8}.Debug|Any CPU.ActiveCfg = Debug|Any CPU
		{39FE0122-9E12-4619-AAF6-F4739C0A7DB8}.Debug|Any CPU.Build.0 = Debug|Any CPU
		{39FE0122-9E12-4619-AAF6-F4739C0A7DB8}.Release|Any CPU.ActiveCfg = Release|Any CPU
		{39FE0122-9E12-4619-AAF6-F4739C0A7DB8}.Release|Any CPU.Build.0 = Release|Any CPU
		{64040999-8611-412D-A9C6-F89D3EDBC83F}.Debug|Any CPU.ActiveCfg = Debug|Any CPU
		{64040999-8611-412D-A9C6-F89D3EDBC83F}.Debug|Any CPU.Build.0 = Debug|Any CPU
		{64040999-8611-412D-A9C6-F89D3EDBC83F}.Release|Any CPU.ActiveCfg = Release|Any CPU
		{64040999-8611-412D-A9C6-F89D3EDBC83F}.Release|Any CPU.Build.0 = Release|Any CPU
		{2B7DD892-E515-4938-BCDD-A035E6C1B99D}.Debug|Any CPU.ActiveCfg = Debug|Any CPU
		{2B7DD892-E515-4938-BCDD-A035E6C1B99D}.Debug|Any CPU.Build.0 = Debug|Any CPU
		{2B7DD892-E515-4938-BCDD-A035E6C1B99D}.Release|Any CPU.ActiveCfg = Release|Any CPU
		{2B7DD892-E515-4938-BCDD-A035E6C1B99D}.Release|Any CPU.Build.0 = Release|Any CPU
		{41C3B30D-D475-44EC-8CA2-4D52A5685FEE}.Debug|Any CPU.ActiveCfg = Debug|Any CPU
		{41C3B30D-D475-44EC-8CA2-4D52A5685FEE}.Debug|Any CPU.Build.0 = Debug|Any CPU
		{41C3B30D-D475-44EC-8CA2-4D52A5685FEE}.Release|Any CPU.ActiveCfg = Release|Any CPU
		{41C3B30D-D475-44EC-8CA2-4D52A5685FEE}.Release|Any CPU.Build.0 = Release|Any CPU
		{DA54901F-0B82-48B5-A784-4024D6DD3FB4}.Debug|Any CPU.ActiveCfg = Debug|Any CPU
		{DA54901F-0B82-48B5-A784-4024D6DD3FB4}.Debug|Any CPU.Build.0 = Debug|Any CPU
		{DA54901F-0B82-48B5-A784-4024D6DD3FB4}.Release|Any CPU.ActiveCfg = Release|Any CPU
		{DA54901F-0B82-48B5-A784-4024D6DD3FB4}.Release|Any CPU.Build.0 = Release|Any CPU
		{24436442-396B-4D54-8F8B-3674977E2343}.Debug|Any CPU.ActiveCfg = Debug|Any CPU
		{24436442-396B-4D54-8F8B-3674977E2343}.Debug|Any CPU.Build.0 = Debug|Any CPU
		{24436442-396B-4D54-8F8B-3674977E2343}.Release|Any CPU.ActiveCfg = Release|Any CPU
		{24436442-396B-4D54-8F8B-3674977E2343}.Release|Any CPU.Build.0 = Release|Any CPU
		{638B3504-CD42-4675-90C4-C980B217625D}.Debug|Any CPU.ActiveCfg = Debug|Any CPU
		{638B3504-CD42-4675-90C4-C980B217625D}.Debug|Any CPU.Build.0 = Debug|Any CPU
		{638B3504-CD42-4675-90C4-C980B217625D}.Release|Any CPU.ActiveCfg = Release|Any CPU
		{638B3504-CD42-4675-90C4-C980B217625D}.Release|Any CPU.Build.0 = Release|Any CPU
		{19F049BD-BA7F-4FE9-8A4F-72290E6C3F33}.Debug|Any CPU.ActiveCfg = Debug|Any CPU
		{19F049BD-BA7F-4FE9-8A4F-72290E6C3F33}.Debug|Any CPU.Build.0 = Debug|Any CPU
		{19F049BD-BA7F-4FE9-8A4F-72290E6C3F33}.Release|Any CPU.ActiveCfg = Release|Any CPU
		{19F049BD-BA7F-4FE9-8A4F-72290E6C3F33}.Release|Any CPU.Build.0 = Release|Any CPU
		{7407E2EE-1AB7-4708-AB03-A881F885D2F2}.Debug|Any CPU.ActiveCfg = Debug|Any CPU
		{7407E2EE-1AB7-4708-AB03-A881F885D2F2}.Debug|Any CPU.Build.0 = Debug|Any CPU
		{7407E2EE-1AB7-4708-AB03-A881F885D2F2}.Release|Any CPU.ActiveCfg = Release|Any CPU
		{7407E2EE-1AB7-4708-AB03-A881F885D2F2}.Release|Any CPU.Build.0 = Release|Any CPU
	EndGlobalSection
	GlobalSection(SolutionProperties) = preSolution
		HideSolutionNode = FALSE
	EndGlobalSection
	GlobalSection(NestedProjects) = preSolution
		{982C3B96-5F2D-48C5-B972-077FA7ED096F} = {AD5A65EF-DA38-440C-93F9-0C6EDD815E40}
		{20FFF47C-BFAC-4DCB-8E0B-5D5BDCCCA464} = {982C3B96-5F2D-48C5-B972-077FA7ED096F}
		{39FE0122-9E12-4619-AAF6-F4739C0A7DB8} = {982C3B96-5F2D-48C5-B972-077FA7ED096F}
		{6D9C2431-9343-4C19-AF67-F98B7BE147DE} = {AD5A65EF-DA38-440C-93F9-0C6EDD815E40}
		{64040999-8611-412D-A9C6-F89D3EDBC83F} = {6D9C2431-9343-4C19-AF67-F98B7BE147DE}
		{062531D0-AEC9-49B3-9268-D27738D36685} = {AD5A65EF-DA38-440C-93F9-0C6EDD815E40}
		{2B7DD892-E515-4938-BCDD-A035E6C1B99D} = {062531D0-AEC9-49B3-9268-D27738D36685}
		{41C3B30D-D475-44EC-8CA2-4D52A5685FEE} = {062531D0-AEC9-49B3-9268-D27738D36685}
		{15C20EF6-BB79-43DC-9817-B31E7DE743D5} = {6D9C2431-9343-4C19-AF67-F98B7BE147DE}
		{871DDEC1-44A0-448E-BD7F-3394C6D4CC81} = {6D9C2431-9343-4C19-AF67-F98B7BE147DE}
		{DA54901F-0B82-48B5-A784-4024D6DD3FB4} = {6D9C2431-9343-4C19-AF67-F98B7BE147DE}
		{24436442-396B-4D54-8F8B-3674977E2343} = {15C20EF6-BB79-43DC-9817-B31E7DE743D5}
		{638B3504-CD42-4675-90C4-C980B217625D} = {871DDEC1-44A0-448E-BD7F-3394C6D4CC81}
		{7BBB289A-8F63-4B68-88E8-DB1707C1AE34} = {062531D0-AEC9-49B3-9268-D27738D36685}
		{19F049BD-BA7F-4FE9-8A4F-72290E6C3F33} = {7BBB289A-8F63-4B68-88E8-DB1707C1AE34}
		{7407E2EE-1AB7-4708-AB03-A881F885D2F2} = {7BBB289A-8F63-4B68-88E8-DB1707C1AE34}
	EndGlobalSection
	GlobalSection(ExtensibilityGlobals) = postSolution
		SolutionGuid = {26CBE323-C27F-4A10-9AB2-33096B423A66}
	EndGlobalSection
EndGlobal
