Microsoft Visual Studio Solution File, Format Version 12.00
# Visual Studio Version 17
VisualStudioVersion = 17.5.2.0
MinimumVisualStudioVersion = 10.0.40219.1
Project("{FAE04EC0-301F-11D3-BF4B-00C04F79EFBC}") = "MFToolkit.Minecraft", "MFToolkit.Minecraft.csproj", "{34313380-47C8-CC26-B19B-E0AF3C581DE7}"
EndProject
Global
	GlobalSection(SolutionConfigurationPlatforms) = preSolution
		Debug|Any CPU = Debug|Any CPU
		Release|Any CPU = Release|Any CPU
	EndGlobalSection
	GlobalSection(ProjectConfigurationPlatforms) = postSolution
		{34313380-47C8-CC26-B19B-E0AF3C581DE7}.Debug|Any CPU.ActiveCfg = Debug|Any CPU
		{34313380-47C8-CC26-B19B-E0AF3C581DE7}.Debug|Any CPU.Build.0 = Debug|Any CPU
		{34313380-47C8-CC26-B19B-E0AF3C581DE7}.Release|Any CPU.ActiveCfg = Release|Any CPU
		{34313380-47C8-CC26-B19B-E0AF3C581DE7}.Release|Any CPU.Build.0 = Release|Any CPU
	EndGlobalSection
	GlobalSection(SolutionProperties) = preSolution
		HideSolutionNode = FALSE
	EndGlobalSection
	GlobalSection(ExtensibilityGlobals) = postSolution
		SolutionGuid = {02E9B96B-8048-4E54-9253-61BC0B916E24}
	EndGlobalSection
EndGlobal
